
Microsoft Visual Studio Solution File, Format Version 12.00
# Visual Studio 15
VisualStudioVersion = 15.0.26730.16
MinimumVisualStudioVersion = 10.0.40219.1
Project("{FAE04EC0-301F-11D3-BF4B-00C04F79EFBC}") = "CodeBuildDemo", "CodeBuildDemo\CodeBuildDemo.csproj", "{F08BEF6E-2199-4E8E-9D40-706F6FD094C7}"
EndProject
Global
	GlobalSection(SolutionConfigurationPlatforms) = preSolution
		Debug|Any CPU = Debug|Any CPU
		Release|Any CPU = Release|Any CPU
	EndGlobalSection
	GlobalSection(ProjectConfigurationPlatforms) = postSolution
		{F08BEF6E-2199-4E8E-9D40-706F6FD094C7}.Debug|Any CPU.ActiveCfg = Debug|Any CPU
		{F08BEF6E-2199-4E8E-9D40-706F6FD094C7}.Debug|Any CPU.Build.0 = Debug|Any CPU
		{F08BEF6E-2199-4E8E-9D40-706F6FD094C7}.Release|Any CPU.ActiveCfg = Release|Any CPU
		{F08BEF6E-2199-4E8E-9D40-706F6FD094C7}.Release|Any CPU.Build.0 = Release|Any CPU
	EndGlobalSection
	GlobalSection(SolutionProperties) = preSolution
		HideSolutionNode = FALSE
	EndGlobalSection
	GlobalSection(ExtensibilityGlobals) = postSolution
		SolutionGuid = {586EA22F-03F1-450E-9F65-C0670E30EE67}
	EndGlobalSection
EndGlobal
